
Microsoft Visual Studio Solution File, Format Version 12.00
# Visual Studio Express 15 for Windows Desktop
VisualStudioVersion = 15.0.28307.1738
MinimumVisualStudioVersion = 10.0.40219.1
Project("{F184B08F-C81C-45F6-A57F-5ABD9991F28F}") = "GestionDeCd", "GestionDeCd\GestionDeCd.vbproj", "{32F4C573-A5FC-4C3D-8740-C8E0EB06784C}"
EndProject
Global
	GlobalSection(SolutionConfigurationPlatforms) = preSolution
		Debug|Any CPU = Debug|Any CPU
		Release|Any CPU = Release|Any CPU
	EndGlobalSection
	GlobalSection(ProjectConfigurationPlatforms) = postSolution
		{32F4C573-A5FC-4C3D-8740-C8E0EB06784C}.Debug|Any CPU.ActiveCfg = Debug|Any CPU
		{32F4C573-A5FC-4C3D-8740-C8E0EB06784C}.Debug|Any CPU.Build.0 = Debug|Any CPU
		{32F4C573-A5FC-4C3D-8740-C8E0EB06784C}.Release|Any CPU.ActiveCfg = Release|Any CPU
		{32F4C573-A5FC-4C3D-8740-C8E0EB06784C}.Release|Any CPU.Build.0 = Release|Any CPU
	EndGlobalSection
	GlobalSection(SolutionProperties) = preSolution
		HideSolutionNode = FALSE
	EndGlobalSection
	GlobalSection(ExtensibilityGlobals) = postSolution
		SolutionGuid = {3C41BC82-58E8-4B7A-B450-A7906653DA2C}
	EndGlobalSection
EndGlobal
